
Microsoft Visual Studio Solution File, Format Version 12.00
# Visual Studio Version 17
VisualStudioVersion = 17.3.32929.385
MinimumVisualStudioVersion = 10.0.40219.1
Project("{FAE04EC0-301F-11D3-BF4B-00C04F79EFBC}") = "ChatGPT2DPhysics", "ChatGPT2DPhysics.csproj", "{ABD55C8D-91D6-43C7-AD4A-031B7A4D074E}"
EndProject
Global
	GlobalSection(SolutionConfigurationPlatforms) = preSolution
		Debug|Any CPU = Debug|Any CPU
		Release|Any CPU = Release|Any CPU
	EndGlobalSection
	GlobalSection(ProjectConfigurationPlatforms) = postSolution
		{ABD55C8D-91D6-43C7-AD4A-031B7A4D074E}.Debug|Any CPU.ActiveCfg = Debug|Any CPU
		{ABD55C8D-91D6-43C7-AD4A-031B7A4D074E}.Debug|Any CPU.Build.0 = Debug|Any CPU
		{ABD55C8D-91D6-43C7-AD4A-031B7A4D074E}.Release|Any CPU.ActiveCfg = Release|Any CPU
		{ABD55C8D-91D6-43C7-AD4A-031B7A4D074E}.Release|Any CPU.Build.0 = Release|Any CPU
	EndGlobalSection
	GlobalSection(SolutionProperties) = preSolution
		HideSolutionNode = FALSE
	EndGlobalSection
	GlobalSection(ExtensibilityGlobals) = postSolution
		SolutionGuid = {6ECF8643-AC96-4553-8736-E293566A5266}
	EndGlobalSection
EndGlobal
